
Microsoft Visual Studio Solution File, Format Version 12.00
# Visual Studio Version 16
VisualStudioVersion = 16.0.29509.3
MinimumVisualStudioVersion = 10.0.40219.1
Project("{9A19103F-16F7-4668-BE54-9A1E7A4F7556}") = "MagazynManager.Infrastructure", "MagazynManager.Infrastructure\MagazynManager.Infrastructure.csproj", "{90796B91-F4F2-48E6-8A75-90096DE915E8}"
EndProject
Project("{9A19103F-16F7-4668-BE54-9A1E7A4F7556}") = "MagazynManager.Server", "MagazynManager.Server\MagazynManager.Server.csproj", "{0CA3A22A-F3CF-41E6-B72D-314292584470}"
EndProject
Project("{9A19103F-16F7-4668-BE54-9A1E7A4F7556}") = "MagazynManager.Application", "MagazynManager.Application\MagazynManager.Application.csproj", "{8B4CC418-07F7-4D50-BC1B-AFBCAFC55287}"
EndProject
Project("{9A19103F-16F7-4668-BE54-9A1E7A4F7556}") = "MagazynManager.Tests", "MagazynManager.Tests\MagazynManager.Tests.csproj", "{3BB3E93C-FA09-4DCB-9BD6-C904D798F1C5}"
EndProject
Project("{9A19103F-16F7-4668-BE54-9A1E7A4F7556}") = "MagazynManager.Domain", "MagazynManager.Domain\MagazynManager.Domain.csproj", "{C8BDB288-6304-4BA2-94D6-31191465CCF9}"
EndProject
Project("{2150E333-8FDC-42A3-9474-1A3956D46DE8}") = "Tests", "Tests", "{4134BFB3-BD1A-49FC-A19A-8F32F63BF174}"
EndProject
Project("{9A19103F-16F7-4668-BE54-9A1E7A4F7556}") = "MagazynManager.Tests.ObjectMothers", "MagazynManager.Tests.ObjectMothers\MagazynManager.Tests.ObjectMothers.csproj", "{9028373B-FEE0-4D92-AA2A-469BA136ED84}"
EndProject
Global
	GlobalSection(SolutionConfigurationPlatforms) = preSolution
		Debug|Any CPU = Debug|Any CPU
		Release|Any CPU = Release|Any CPU
	EndGlobalSection
	GlobalSection(ProjectConfigurationPlatforms) = postSolution
		{90796B91-F4F2-48E6-8A75-90096DE915E8}.Debug|Any CPU.ActiveCfg = Debug|Any CPU
		{90796B91-F4F2-48E6-8A75-90096DE915E8}.Debug|Any CPU.Build.0 = Debug|Any CPU
		{90796B91-F4F2-48E6-8A75-90096DE915E8}.Release|Any CPU.ActiveCfg = Release|Any CPU
		{90796B91-F4F2-48E6-8A75-90096DE915E8}.Release|Any CPU.Build.0 = Release|Any CPU
		{0CA3A22A-F3CF-41E6-B72D-314292584470}.Debug|Any CPU.ActiveCfg = Debug|Any CPU
		{0CA3A22A-F3CF-41E6-B72D-314292584470}.Debug|Any CPU.Build.0 = Debug|Any CPU
		{0CA3A22A-F3CF-41E6-B72D-314292584470}.Release|Any CPU.ActiveCfg = Release|Any CPU
		{0CA3A22A-F3CF-41E6-B72D-314292584470}.Release|Any CPU.Build.0 = Release|Any CPU
		{8B4CC418-07F7-4D50-BC1B-AFBCAFC55287}.Debug|Any CPU.ActiveCfg = Debug|Any CPU
		{8B4CC418-07F7-4D50-BC1B-AFBCAFC55287}.Debug|Any CPU.Build.0 = Debug|Any CPU
		{8B4CC418-07F7-4D50-BC1B-AFBCAFC55287}.Release|Any CPU.ActiveCfg = Release|Any CPU
		{8B4CC418-07F7-4D50-BC1B-AFBCAFC55287}.Release|Any CPU.Build.0 = Release|Any CPU
		{3BB3E93C-FA09-4DCB-9BD6-C904D798F1C5}.Debug|Any CPU.ActiveCfg = Debug|Any CPU
		{3BB3E93C-FA09-4DCB-9BD6-C904D798F1C5}.Debug|Any CPU.Build.0 = Debug|Any CPU
		{3BB3E93C-FA09-4DCB-9BD6-C904D798F1C5}.Release|Any CPU.ActiveCfg = Release|Any CPU
		{3BB3E93C-FA09-4DCB-9BD6-C904D798F1C5}.Release|Any CPU.Build.0 = Release|Any CPU
		{C8BDB288-6304-4BA2-94D6-31191465CCF9}.Debug|Any CPU.ActiveCfg = Debug|Any CPU
		{C8BDB288-6304-4BA2-94D6-31191465CCF9}.Debug|Any CPU.Build.0 = Debug|Any CPU
		{C8BDB288-6304-4BA2-94D6-31191465CCF9}.Release|Any CPU.ActiveCfg = Release|Any CPU
		{C8BDB288-6304-4BA2-94D6-31191465CCF9}.Release|Any CPU.Build.0 = Release|Any CPU
		{9028373B-FEE0-4D92-AA2A-469BA136ED84}.Debug|Any CPU.ActiveCfg = Debug|Any CPU
		{9028373B-FEE0-4D92-AA2A-469BA136ED84}.Debug|Any CPU.Build.0 = Debug|Any CPU
		{9028373B-FEE0-4D92-AA2A-469BA136ED84}.Release|Any CPU.ActiveCfg = Release|Any CPU
		{9028373B-FEE0-4D92-AA2A-469BA136ED84}.Release|Any CPU.Build.0 = Release|Any CPU
	EndGlobalSection
	GlobalSection(SolutionProperties) = preSolution
		HideSolutionNode = FALSE
	EndGlobalSection
	GlobalSection(NestedProjects) = preSolution
		{3BB3E93C-FA09-4DCB-9BD6-C904D798F1C5} = {4134BFB3-BD1A-49FC-A19A-8F32F63BF174}
		{9028373B-FEE0-4D92-AA2A-469BA136ED84} = {4134BFB3-BD1A-49FC-A19A-8F32F63BF174}
	EndGlobalSection
	GlobalSection(ExtensibilityGlobals) = postSolution
		SolutionGuid = {497D0353-97CF-4F6A-AEBA-E601C45ECF96}
	EndGlobalSection
EndGlobal
